{
    "_readme": [
        "This file locks the dependencies of your project to a known state",
        "Read more about it at https://getcomposer.org/doc/01-basic-usage.md#composer-lock-the-lock-file",
        "This file is @generated automatically"
    ],
    "hash": "b8cba7d60dc6430b0037e11b826b3c45",
    "content-hash": "7240de694287deb8f01ee575b4db1367",
    "packages": [
        {
            "name": "pointybeard/symphony-pdo",
            "version": "0.1.4",
            "source": {
                "type": "git",
                "url": "https://github.com/pointybeard/symphony-pdo.git",
                "reference": "c74aa1e6e35ee45ca54c4bac3e807902770057d1"
            },
            "dist": {
                "type": "zip",
                "url": "https://api.github.com/repos/pointybeard/symphony-pdo/zipball/c74aa1e6e35ee45ca54c4bac3e807902770057d1",
                "reference": "c74aa1e6e35ee45ca54c4bac3e807902770057d1",
                "shasum": ""
            },
            "require": {
                "php": ">=5.6.6"
            },
            "type": "library",
            "autoload": {
                "classmap": [
                    "src/Lib"
                ],
                "psr-4": {
                    "SymphonyPDO\\": "src/"
                }
            },
            "notification-url": "https://packagist.org/downloads/",
            "license": [
                "MIT"
            ],
            "authors": [
                {
                    "name": "Alistair Kearney",
                    "email": "hi@alistairkearney.com",
                    "homepage": "http://alistairkearney.com",
                    "role": "Developer"
                }
            ],
            "description": "Wraps the core Symphony database connection with a PDO based library.",
            "keywords": [
                "database",
                "pdo",
                "symphony",
                "wrapper"
            ],
            "time": "2016-02-11 06:16:43"
        }
    ],
    "packages-dev": [],
    "aliases": [],
    "minimum-stability": "dev",
    "stability-flags": [],
    "prefer-stable": false,
    "prefer-lowest": false,
    "platform": {
        "php": ">=5.6.6"
    },
    "platform-dev": []
}
